
Microsoft Visual Studio Solution File, Format Version 12.00
# Visual Studio Version 16
VisualStudioVersion = 16.0.30114.105
MinimumVisualStudioVersion = 10.0.40219.1
Project("{FAE04EC0-301F-11D3-BF4B-00C04F79EFBC}") = "AppointmentReminder.Core", "AppointmentReminder.Core\AppointmentReminder.Core.csproj", "{9521A277-1E29-4492-929B-A2759704C647}"
EndProject
Project("{FAE04EC0-301F-11D3-BF4B-00C04F79EFBC}") = "AppointmentReminder.CLI", "AppointmentReminder.CLI\AppointmentReminder.CLI.csproj", "{CED027E0-A92E-4349-8166-47E0B8A186AE}"
EndProject
Project("{FAE04EC0-301F-11D3-BF4B-00C04F79EFBC}") = "AppointmentReminder.Meetings", "AppointmentReminder.Meetings\AppointmentReminder.Meetings.csproj", "{155BB9BA-43FC-451A-AD78-7D2CC32A56FE}"
EndProject
Global
	GlobalSection(SolutionConfigurationPlatforms) = preSolution
		Debug|Any CPU = Debug|Any CPU
		Release|Any CPU = Release|Any CPU
	EndGlobalSection
	GlobalSection(ProjectConfigurationPlatforms) = postSolution
		{9521A277-1E29-4492-929B-A2759704C647}.Debug|Any CPU.ActiveCfg = Debug|Any CPU
		{9521A277-1E29-4492-929B-A2759704C647}.Debug|Any CPU.Build.0 = Debug|Any CPU
		{9521A277-1E29-4492-929B-A2759704C647}.Release|Any CPU.ActiveCfg = Release|Any CPU
		{9521A277-1E29-4492-929B-A2759704C647}.Release|Any CPU.Build.0 = Release|Any CPU
		{CED027E0-A92E-4349-8166-47E0B8A186AE}.Debug|Any CPU.ActiveCfg = Debug|Any CPU
		{CED027E0-A92E-4349-8166-47E0B8A186AE}.Debug|Any CPU.Build.0 = Debug|Any CPU
		{CED027E0-A92E-4349-8166-47E0B8A186AE}.Release|Any CPU.ActiveCfg = Release|Any CPU
		{CED027E0-A92E-4349-8166-47E0B8A186AE}.Release|Any CPU.Build.0 = Release|Any CPU
		{155BB9BA-43FC-451A-AD78-7D2CC32A56FE}.Debug|Any CPU.ActiveCfg = Debug|Any CPU
		{155BB9BA-43FC-451A-AD78-7D2CC32A56FE}.Debug|Any CPU.Build.0 = Debug|Any CPU
		{155BB9BA-43FC-451A-AD78-7D2CC32A56FE}.Release|Any CPU.ActiveCfg = Release|Any CPU
		{155BB9BA-43FC-451A-AD78-7D2CC32A56FE}.Release|Any CPU.Build.0 = Release|Any CPU
	EndGlobalSection
	GlobalSection(SolutionProperties) = preSolution
		HideSolutionNode = FALSE
	EndGlobalSection
	GlobalSection(ExtensibilityGlobals) = postSolution
		SolutionGuid = {DCD84AD0-7944-4407-BAB0-D70C5ABA6B9D}
	EndGlobalSection
EndGlobal
